
Microsoft Visual Studio Solution File, Format Version 12.00
# Visual Studio 15
VisualStudioVersion = 15.0.28010.2026
MinimumVisualStudioVersion = 10.0.40219.1
Project("{FAE04EC0-301F-11D3-BF4B-00C04F79EFBC}") = "RectVisualaizer", "RectVisualaizer\RectVisualaizer.csproj", "{AA725A31-066E-4E25-8C38-50CCF1620A89}"
EndProject
Global
	GlobalSection(SolutionConfigurationPlatforms) = preSolution
		Debug|Any CPU = Debug|Any CPU
		Release|Any CPU = Release|Any CPU
	EndGlobalSection
	GlobalSection(ProjectConfigurationPlatforms) = postSolution
		{AA725A31-066E-4E25-8C38-50CCF1620A89}.Debug|Any CPU.ActiveCfg = Debug|Any CPU
		{AA725A31-066E-4E25-8C38-50CCF1620A89}.Debug|Any CPU.Build.0 = Debug|Any CPU
		{AA725A31-066E-4E25-8C38-50CCF1620A89}.Release|Any CPU.ActiveCfg = Release|Any CPU
		{AA725A31-066E-4E25-8C38-50CCF1620A89}.Release|Any CPU.Build.0 = Release|Any CPU
	EndGlobalSection
	GlobalSection(SolutionProperties) = preSolution
		HideSolutionNode = FALSE
	EndGlobalSection
	GlobalSection(ExtensibilityGlobals) = postSolution
		SolutionGuid = {AAD7AE13-01D0-4BE4-BA7F-673815FC179C}
	EndGlobalSection
EndGlobal
