
Microsoft Visual Studio Solution File, Format Version 12.00
# Visual Studio 15
VisualStudioVersion = 15.0.28010.2026
MinimumVisualStudioVersion = 10.0.40219.1
Project("{FAE04EC0-301F-11D3-BF4B-00C04F79EFBC}") = "ExcellentResult", "ExcellentResult\ExcellentResult.csproj", "{16B40FDD-6665-49B0-A059-341A9468891B}"
EndProject
Project("{FAE04EC0-301F-11D3-BF4B-00C04F79EFBC}") = "ExellentOrNot", "ExellentOrNot\ExellentOrNot.csproj", "{99DF1F61-E0FC-4E49-95FD-7FAEB937FC5B}"
EndProject
Project("{FAE04EC0-301F-11D3-BF4B-00C04F79EFBC}") = "EvenOrOdd", "EvenOrOdd\EvenOrOdd.csproj", "{29C20353-672A-4194-9C86-8C17DC4F2D0A}"
EndProject
Project("{FAE04EC0-301F-11D3-BF4B-00C04F79EFBC}") = "GreaterNumber", "GreaterNumber\GreaterNumber.csproj", "{BA29D499-2CC3-4F4A-B8EB-8E9326000E9E}"
EndProject
Project("{FAE04EC0-301F-11D3-BF4B-00C04F79EFBC}") = "NumberToText", "NumberToText\NumberToText.csproj", "{5C9049FF-B77A-4181-992C-D1A8955F84F3}"
EndProject
Project("{FAE04EC0-301F-11D3-BF4B-00C04F79EFBC}") = "BonusScore", "BonusScore\BonusScore.csproj", "{A5ADB842-33FE-4FBB-81F4-8874C40D455C}"
EndProject
Project("{FAE04EC0-301F-11D3-BF4B-00C04F79EFBC}") = "SumSeconds", "SumSeconds\SumSeconds.csproj", "{F6A3AA90-1F86-47CB-B5ED-5EF6D20EFAC8}"
EndProject
Project("{FAE04EC0-301F-11D3-BF4B-00C04F79EFBC}") = "MetricConvertor", "MetricConvertor\MetricConvertor.csproj", "{25C454FF-A794-4494-887F-07BE90AF629C}"
EndProject
Project("{FAE04EC0-301F-11D3-BF4B-00C04F79EFBC}") = "Guess-the-Password", "Guess-the-Password\Guess-the-Password.csproj", "{6D3BB069-3A62-4D69-BB46-D58CBB722D7B}"
EndProject
Project("{FAE04EC0-301F-11D3-BF4B-00C04F79EFBC}") = "Number-100to200", "Number-100to200\Number-100to200.csproj", "{ABB90873-51E1-44FF-AA77-741F1426D0AC}"
EndProject
Project("{FAE04EC0-301F-11D3-BF4B-00C04F79EFBC}") = "EqualWords", "EqualWords\EqualWords.csproj", "{459182A9-80B5-42B7-BD93-98ECC9413619}"
EndProject
Project("{FAE04EC0-301F-11D3-BF4B-00C04F79EFBC}") = "SpeedInfo", "SpeedInfo\SpeedInfo.csproj", "{AAF89D9F-3842-4AB2-91AC-60227D5FE7CD}"
EndProject
Project("{FAE04EC0-301F-11D3-BF4B-00C04F79EFBC}") = "AreaOfFigures", "AreaOfFigures\AreaOfFigures.csproj", "{3EC33080-8963-46E6-A30E-D019F5DEE402}"
EndProject
Project("{FAE04EC0-301F-11D3-BF4B-00C04F79EFBC}") = "Time-Plus-15", "Time-Plus-15\Time-Plus-15.csproj", "{38E21C70-3DD2-4B2D-8AC0-CE8452483FBA}"
EndProject
Project("{FAE04EC0-301F-11D3-BF4B-00C04F79EFBC}") = "EqualNumbers", "EqualNumbers\EqualNumbers.csproj", "{B93A65BD-DE6D-460E-A39C-91B92E3F63E9}"
EndProject
Project("{FAE04EC0-301F-11D3-BF4B-00C04F79EFBC}") = "Numer-to-Words", "Numer-to-Words\Numer-to-Words.csproj", "{DD59C34C-D8A7-45D5-9B89-181A729759D0}"
EndProject
Global
	GlobalSection(SolutionConfigurationPlatforms) = preSolution
		Debug|Any CPU = Debug|Any CPU
		Release|Any CPU = Release|Any CPU
	EndGlobalSection
	GlobalSection(ProjectConfigurationPlatforms) = postSolution
		{16B40FDD-6665-49B0-A059-341A9468891B}.Debug|Any CPU.ActiveCfg = Debug|Any CPU
		{16B40FDD-6665-49B0-A059-341A9468891B}.Debug|Any CPU.Build.0 = Debug|Any CPU
		{16B40FDD-6665-49B0-A059-341A9468891B}.Release|Any CPU.ActiveCfg = Release|Any CPU
		{16B40FDD-6665-49B0-A059-341A9468891B}.Release|Any CPU.Build.0 = Release|Any CPU
		{99DF1F61-E0FC-4E49-95FD-7FAEB937FC5B}.Debug|Any CPU.ActiveCfg = Debug|Any CPU
		{99DF1F61-E0FC-4E49-95FD-7FAEB937FC5B}.Debug|Any CPU.Build.0 = Debug|Any CPU
		{99DF1F61-E0FC-4E49-95FD-7FAEB937FC5B}.Release|Any CPU.ActiveCfg = Release|Any CPU
		{99DF1F61-E0FC-4E49-95FD-7FAEB937FC5B}.Release|Any CPU.Build.0 = Release|Any CPU
		{29C20353-672A-4194-9C86-8C17DC4F2D0A}.Debug|Any CPU.ActiveCfg = Debug|Any CPU
		{29C20353-672A-4194-9C86-8C17DC4F2D0A}.Debug|Any CPU.Build.0 = Debug|Any CPU
		{29C20353-672A-4194-9C86-8C17DC4F2D0A}.Release|Any CPU.ActiveCfg = Release|Any CPU
		{29C20353-672A-4194-9C86-8C17DC4F2D0A}.Release|Any CPU.Build.0 = Release|Any CPU
		{BA29D499-2CC3-4F4A-B8EB-8E9326000E9E}.Debug|Any CPU.ActiveCfg = Debug|Any CPU
		{BA29D499-2CC3-4F4A-B8EB-8E9326000E9E}.Debug|Any CPU.Build.0 = Debug|Any CPU
		{BA29D499-2CC3-4F4A-B8EB-8E9326000E9E}.Release|Any CPU.ActiveCfg = Release|Any CPU
		{BA29D499-2CC3-4F4A-B8EB-8E9326000E9E}.Release|Any CPU.Build.0 = Release|Any CPU
		{5C9049FF-B77A-4181-992C-D1A8955F84F3}.Debug|Any CPU.ActiveCfg = Debug|Any CPU
		{5C9049FF-B77A-4181-992C-D1A8955F84F3}.Debug|Any CPU.Build.0 = Debug|Any CPU
		{5C9049FF-B77A-4181-992C-D1A8955F84F3}.Release|Any CPU.ActiveCfg = Release|Any CPU
		{5C9049FF-B77A-4181-992C-D1A8955F84F3}.Release|Any CPU.Build.0 = Release|Any CPU
		{A5ADB842-33FE-4FBB-81F4-8874C40D455C}.Debug|Any CPU.ActiveCfg = Debug|Any CPU
		{A5ADB842-33FE-4FBB-81F4-8874C40D455C}.Debug|Any CPU.Build.0 = Debug|Any CPU
		{A5ADB842-33FE-4FBB-81F4-8874C40D455C}.Release|Any CPU.ActiveCfg = Release|Any CPU
		{A5ADB842-33FE-4FBB-81F4-8874C40D455C}.Release|Any CPU.Build.0 = Release|Any CPU
		{F6A3AA90-1F86-47CB-B5ED-5EF6D20EFAC8}.Debug|Any CPU.ActiveCfg = Debug|Any CPU
		{F6A3AA90-1F86-47CB-B5ED-5EF6D20EFAC8}.Debug|Any CPU.Build.0 = Debug|Any CPU
		{F6A3AA90-1F86-47CB-B5ED-5EF6D20EFAC8}.Release|Any CPU.ActiveCfg = Release|Any CPU
		{F6A3AA90-1F86-47CB-B5ED-5EF6D20EFAC8}.Release|Any CPU.Build.0 = Release|Any CPU
		{25C454FF-A794-4494-887F-07BE90AF629C}.Debug|Any CPU.ActiveCfg = Debug|Any CPU
		{25C454FF-A794-4494-887F-07BE90AF629C}.Debug|Any CPU.Build.0 = Debug|Any CPU
		{25C454FF-A794-4494-887F-07BE90AF629C}.Release|Any CPU.ActiveCfg = Release|Any CPU
		{25C454FF-A794-4494-887F-07BE90AF629C}.Release|Any CPU.Build.0 = Release|Any CPU
		{6D3BB069-3A62-4D69-BB46-D58CBB722D7B}.Debug|Any CPU.ActiveCfg = Debug|Any CPU
		{6D3BB069-3A62-4D69-BB46-D58CBB722D7B}.Debug|Any CPU.Build.0 = Debug|Any CPU
		{6D3BB069-3A62-4D69-BB46-D58CBB722D7B}.Release|Any CPU.ActiveCfg = Release|Any CPU
		{6D3BB069-3A62-4D69-BB46-D58CBB722D7B}.Release|Any CPU.Build.0 = Release|Any CPU
		{ABB90873-51E1-44FF-AA77-741F1426D0AC}.Debug|Any CPU.ActiveCfg = Debug|Any CPU
		{ABB90873-51E1-44FF-AA77-741F1426D0AC}.Debug|Any CPU.Build.0 = Debug|Any CPU
		{ABB90873-51E1-44FF-AA77-741F1426D0AC}.Release|Any CPU.ActiveCfg = Release|Any CPU
		{ABB90873-51E1-44FF-AA77-741F1426D0AC}.Release|Any CPU.Build.0 = Release|Any CPU
		{459182A9-80B5-42B7-BD93-98ECC9413619}.Debug|Any CPU.ActiveCfg = Debug|Any CPU
		{459182A9-80B5-42B7-BD93-98ECC9413619}.Debug|Any CPU.Build.0 = Debug|Any CPU
		{459182A9-80B5-42B7-BD93-98ECC9413619}.Release|Any CPU.ActiveCfg = Release|Any CPU
		{459182A9-80B5-42B7-BD93-98ECC9413619}.Release|Any CPU.Build.0 = Release|Any CPU
		{AAF89D9F-3842-4AB2-91AC-60227D5FE7CD}.Debug|Any CPU.ActiveCfg = Debug|Any CPU
		{AAF89D9F-3842-4AB2-91AC-60227D5FE7CD}.Debug|Any CPU.Build.0 = Debug|Any CPU
		{AAF89D9F-3842-4AB2-91AC-60227D5FE7CD}.Release|Any CPU.ActiveCfg = Release|Any CPU
		{AAF89D9F-3842-4AB2-91AC-60227D5FE7CD}.Release|Any CPU.Build.0 = Release|Any CPU
		{3EC33080-8963-46E6-A30E-D019F5DEE402}.Debug|Any CPU.ActiveCfg = Debug|Any CPU
		{3EC33080-8963-46E6-A30E-D019F5DEE402}.Debug|Any CPU.Build.0 = Debug|Any CPU
		{3EC33080-8963-46E6-A30E-D019F5DEE402}.Release|Any CPU.ActiveCfg = Release|Any CPU
		{3EC33080-8963-46E6-A30E-D019F5DEE402}.Release|Any CPU.Build.0 = Release|Any CPU
		{38E21C70-3DD2-4B2D-8AC0-CE8452483FBA}.Debug|Any CPU.ActiveCfg = Debug|Any CPU
		{38E21C70-3DD2-4B2D-8AC0-CE8452483FBA}.Debug|Any CPU.Build.0 = Debug|Any CPU
		{38E21C70-3DD2-4B2D-8AC0-CE8452483FBA}.Release|Any CPU.ActiveCfg = Release|Any CPU
		{38E21C70-3DD2-4B2D-8AC0-CE8452483FBA}.Release|Any CPU.Build.0 = Release|Any CPU
		{B93A65BD-DE6D-460E-A39C-91B92E3F63E9}.Debug|Any CPU.ActiveCfg = Debug|Any CPU
		{B93A65BD-DE6D-460E-A39C-91B92E3F63E9}.Debug|Any CPU.Build.0 = Debug|Any CPU
		{B93A65BD-DE6D-460E-A39C-91B92E3F63E9}.Release|Any CPU.ActiveCfg = Release|Any CPU
		{B93A65BD-DE6D-460E-A39C-91B92E3F63E9}.Release|Any CPU.Build.0 = Release|Any CPU
		{DD59C34C-D8A7-45D5-9B89-181A729759D0}.Debug|Any CPU.ActiveCfg = Debug|Any CPU
		{DD59C34C-D8A7-45D5-9B89-181A729759D0}.Debug|Any CPU.Build.0 = Debug|Any CPU
		{DD59C34C-D8A7-45D5-9B89-181A729759D0}.Release|Any CPU.ActiveCfg = Release|Any CPU
		{DD59C34C-D8A7-45D5-9B89-181A729759D0}.Release|Any CPU.Build.0 = Release|Any CPU
	EndGlobalSection
	GlobalSection(SolutionProperties) = preSolution
		HideSolutionNode = FALSE
	EndGlobalSection
	GlobalSection(ExtensibilityGlobals) = postSolution
		SolutionGuid = {C960BEF1-71E8-41D7-AB9A-E097CA129170}
	EndGlobalSection
EndGlobal
