
Microsoft Visual Studio Solution File, Format Version 12.00
# Visual Studio 15
VisualStudioVersion = 15.0.28010.2046
MinimumVisualStudioVersion = 10.0.40219.1
Project("{FAE04EC0-301F-11D3-BF4B-00C04F79EFBC}") = "01. Blank Receipt", "01. Blank Receipt\01. Blank Receipt.csproj", "{DB9683D7-0668-48AC-B6FF-F305DA369623}"
EndProject
Project("{FAE04EC0-301F-11D3-BF4B-00C04F79EFBC}") = "02. Sign of Integer Number", "02. Sign of Integer Number\02. Sign of Integer Number.csproj", "{9368C923-19B7-4B3A-9F4C-8AE23164C89E}"
EndProject
Project("{FAE04EC0-301F-11D3-BF4B-00C04F79EFBC}") = "03. Printing Triangle", "03. Printing Triangle\03. Printing Triangle.csproj", "{91DB7B5C-C7E3-4B14-953C-308163DCA29C}"
EndProject
Project("{FAE04EC0-301F-11D3-BF4B-00C04F79EFBC}") = "04. Draw a Filled Square", "04. Draw a Filled Square\04. Draw a Filled Square.csproj", "{4B4AA982-42F1-4476-8FF1-107524D94DA0}"
EndProject
Project("{FAE04EC0-301F-11D3-BF4B-00C04F79EFBC}") = "05. Calculate Triangle Area", "05. Calculate Triangle Area\05. Calculate Triangle Area.csproj", "{16E680E7-2F8B-46DC-B972-D137E2D5217E}"
EndProject
Project("{FAE04EC0-301F-11D3-BF4B-00C04F79EFBC}") = "06. Math Power", "06. Math Power\06. Math Power.csproj", "{59E1944B-39AB-44BD-B5EB-17F4EDECD031}"
EndProject
Project("{FAE04EC0-301F-11D3-BF4B-00C04F79EFBC}") = "07. Greater of Two Values", "07. Greater of Two Values\07. Greater of Two Values.csproj", "{D270567D-D47E-4D54-833D-956E8179C5B9}"
EndProject
Project("{FAE04EC0-301F-11D3-BF4B-00C04F79EFBC}") = "08. Hello, Name!", "08. Hello, Name!\08. Hello, Name!.csproj", "{DA0A1607-1B77-4A3B-9EC0-ADC9560DA633}"
EndProject
Project("{FAE04EC0-301F-11D3-BF4B-00C04F79EFBC}") = "09. Min Method", "09. Min Method\09. Min Method.csproj", "{125EFE9D-B9BE-4A51-BEA8-F620D94FC853}"
EndProject
Project("{FAE04EC0-301F-11D3-BF4B-00C04F79EFBC}") = "10. String Repeater", "10. String Repeater\10. String Repeater.csproj", "{A274F569-6E33-412B-886B-AA19F81F6946}"
EndProject
Project("{FAE04EC0-301F-11D3-BF4B-00C04F79EFBC}") = "11. Nth Digit", "11. Nth Digit\11. Nth Digit.csproj", "{AB7B72F8-4EAB-4841-A92D-98F3F0F3EE1B}"
EndProject
Project("{FAE04EC0-301F-11D3-BF4B-00C04F79EFBC}") = "12. Integer to Base", "12. Integer to Base\12. Integer to Base.csproj", "{D41669F7-A2E9-4D96-85B1-0DA37972474B}"
EndProject
Project("{FAE04EC0-301F-11D3-BF4B-00C04F79EFBC}") = "13. Notifications", "13. Notifications\13. Notifications.csproj", "{51412B81-6CEC-4724-947B-320C4D463FA0}"
EndProject
Project("{FAE04EC0-301F-11D3-BF4B-00C04F79EFBC}") = "14.Numbers to Words", "14.Numbers to Words\14.Numbers to Words.csproj", "{330644B0-60EB-4B5D-9A22-0695DC76C760}"
EndProject
Project("{FAE04EC0-301F-11D3-BF4B-00C04F79EFBC}") = "15.String Encryption", "15.String Encryption\15.String Encryption.csproj", "{C721CA02-D9F3-4424-815F-C03FC8FB0C9C}"
EndProject
Global
	GlobalSection(SolutionConfigurationPlatforms) = preSolution
		Debug|Any CPU = Debug|Any CPU
		Release|Any CPU = Release|Any CPU
	EndGlobalSection
	GlobalSection(ProjectConfigurationPlatforms) = postSolution
		{DB9683D7-0668-48AC-B6FF-F305DA369623}.Debug|Any CPU.ActiveCfg = Debug|Any CPU
		{DB9683D7-0668-48AC-B6FF-F305DA369623}.Debug|Any CPU.Build.0 = Debug|Any CPU
		{DB9683D7-0668-48AC-B6FF-F305DA369623}.Release|Any CPU.ActiveCfg = Release|Any CPU
		{DB9683D7-0668-48AC-B6FF-F305DA369623}.Release|Any CPU.Build.0 = Release|Any CPU
		{9368C923-19B7-4B3A-9F4C-8AE23164C89E}.Debug|Any CPU.ActiveCfg = Debug|Any CPU
		{9368C923-19B7-4B3A-9F4C-8AE23164C89E}.Debug|Any CPU.Build.0 = Debug|Any CPU
		{9368C923-19B7-4B3A-9F4C-8AE23164C89E}.Release|Any CPU.ActiveCfg = Release|Any CPU
		{9368C923-19B7-4B3A-9F4C-8AE23164C89E}.Release|Any CPU.Build.0 = Release|Any CPU
		{91DB7B5C-C7E3-4B14-953C-308163DCA29C}.Debug|Any CPU.ActiveCfg = Debug|Any CPU
		{91DB7B5C-C7E3-4B14-953C-308163DCA29C}.Debug|Any CPU.Build.0 = Debug|Any CPU
		{91DB7B5C-C7E3-4B14-953C-308163DCA29C}.Release|Any CPU.ActiveCfg = Release|Any CPU
		{91DB7B5C-C7E3-4B14-953C-308163DCA29C}.Release|Any CPU.Build.0 = Release|Any CPU
		{4B4AA982-42F1-4476-8FF1-107524D94DA0}.Debug|Any CPU.ActiveCfg = Debug|Any CPU
		{4B4AA982-42F1-4476-8FF1-107524D94DA0}.Debug|Any CPU.Build.0 = Debug|Any CPU
		{4B4AA982-42F1-4476-8FF1-107524D94DA0}.Release|Any CPU.ActiveCfg = Release|Any CPU
		{4B4AA982-42F1-4476-8FF1-107524D94DA0}.Release|Any CPU.Build.0 = Release|Any CPU
		{16E680E7-2F8B-46DC-B972-D137E2D5217E}.Debug|Any CPU.ActiveCfg = Debug|Any CPU
		{16E680E7-2F8B-46DC-B972-D137E2D5217E}.Debug|Any CPU.Build.0 = Debug|Any CPU
		{16E680E7-2F8B-46DC-B972-D137E2D5217E}.Release|Any CPU.ActiveCfg = Release|Any CPU
		{16E680E7-2F8B-46DC-B972-D137E2D5217E}.Release|Any CPU.Build.0 = Release|Any CPU
		{59E1944B-39AB-44BD-B5EB-17F4EDECD031}.Debug|Any CPU.ActiveCfg = Debug|Any CPU
		{59E1944B-39AB-44BD-B5EB-17F4EDECD031}.Debug|Any CPU.Build.0 = Debug|Any CPU
		{59E1944B-39AB-44BD-B5EB-17F4EDECD031}.Release|Any CPU.ActiveCfg = Release|Any CPU
		{59E1944B-39AB-44BD-B5EB-17F4EDECD031}.Release|Any CPU.Build.0 = Release|Any CPU
		{D270567D-D47E-4D54-833D-956E8179C5B9}.Debug|Any CPU.ActiveCfg = Debug|Any CPU
		{D270567D-D47E-4D54-833D-956E8179C5B9}.Debug|Any CPU.Build.0 = Debug|Any CPU
		{D270567D-D47E-4D54-833D-956E8179C5B9}.Release|Any CPU.ActiveCfg = Release|Any CPU
		{D270567D-D47E-4D54-833D-956E8179C5B9}.Release|Any CPU.Build.0 = Release|Any CPU
		{DA0A1607-1B77-4A3B-9EC0-ADC9560DA633}.Debug|Any CPU.ActiveCfg = Debug|Any CPU
		{DA0A1607-1B77-4A3B-9EC0-ADC9560DA633}.Debug|Any CPU.Build.0 = Debug|Any CPU
		{DA0A1607-1B77-4A3B-9EC0-ADC9560DA633}.Release|Any CPU.ActiveCfg = Release|Any CPU
		{DA0A1607-1B77-4A3B-9EC0-ADC9560DA633}.Release|Any CPU.Build.0 = Release|Any CPU
		{125EFE9D-B9BE-4A51-BEA8-F620D94FC853}.Debug|Any CPU.ActiveCfg = Debug|Any CPU
		{125EFE9D-B9BE-4A51-BEA8-F620D94FC853}.Debug|Any CPU.Build.0 = Debug|Any CPU
		{125EFE9D-B9BE-4A51-BEA8-F620D94FC853}.Release|Any CPU.ActiveCfg = Release|Any CPU
		{125EFE9D-B9BE-4A51-BEA8-F620D94FC853}.Release|Any CPU.Build.0 = Release|Any CPU
		{A274F569-6E33-412B-886B-AA19F81F6946}.Debug|Any CPU.ActiveCfg = Debug|Any CPU
		{A274F569-6E33-412B-886B-AA19F81F6946}.Debug|Any CPU.Build.0 = Debug|Any CPU
		{A274F569-6E33-412B-886B-AA19F81F6946}.Release|Any CPU.ActiveCfg = Release|Any CPU
		{A274F569-6E33-412B-886B-AA19F81F6946}.Release|Any CPU.Build.0 = Release|Any CPU
		{AB7B72F8-4EAB-4841-A92D-98F3F0F3EE1B}.Debug|Any CPU.ActiveCfg = Debug|Any CPU
		{AB7B72F8-4EAB-4841-A92D-98F3F0F3EE1B}.Debug|Any CPU.Build.0 = Debug|Any CPU
		{AB7B72F8-4EAB-4841-A92D-98F3F0F3EE1B}.Release|Any CPU.ActiveCfg = Release|Any CPU
		{AB7B72F8-4EAB-4841-A92D-98F3F0F3EE1B}.Release|Any CPU.Build.0 = Release|Any CPU
		{D41669F7-A2E9-4D96-85B1-0DA37972474B}.Debug|Any CPU.ActiveCfg = Debug|Any CPU
		{D41669F7-A2E9-4D96-85B1-0DA37972474B}.Debug|Any CPU.Build.0 = Debug|Any CPU
		{D41669F7-A2E9-4D96-85B1-0DA37972474B}.Release|Any CPU.ActiveCfg = Release|Any CPU
		{D41669F7-A2E9-4D96-85B1-0DA37972474B}.Release|Any CPU.Build.0 = Release|Any CPU
		{51412B81-6CEC-4724-947B-320C4D463FA0}.Debug|Any CPU.ActiveCfg = Debug|Any CPU
		{51412B81-6CEC-4724-947B-320C4D463FA0}.Debug|Any CPU.Build.0 = Debug|Any CPU
		{51412B81-6CEC-4724-947B-320C4D463FA0}.Release|Any CPU.ActiveCfg = Release|Any CPU
		{51412B81-6CEC-4724-947B-320C4D463FA0}.Release|Any CPU.Build.0 = Release|Any CPU
		{330644B0-60EB-4B5D-9A22-0695DC76C760}.Debug|Any CPU.ActiveCfg = Debug|Any CPU
		{330644B0-60EB-4B5D-9A22-0695DC76C760}.Debug|Any CPU.Build.0 = Debug|Any CPU
		{330644B0-60EB-4B5D-9A22-0695DC76C760}.Release|Any CPU.ActiveCfg = Release|Any CPU
		{330644B0-60EB-4B5D-9A22-0695DC76C760}.Release|Any CPU.Build.0 = Release|Any CPU
		{C721CA02-D9F3-4424-815F-C03FC8FB0C9C}.Debug|Any CPU.ActiveCfg = Debug|Any CPU
		{C721CA02-D9F3-4424-815F-C03FC8FB0C9C}.Debug|Any CPU.Build.0 = Debug|Any CPU
		{C721CA02-D9F3-4424-815F-C03FC8FB0C9C}.Release|Any CPU.ActiveCfg = Release|Any CPU
		{C721CA02-D9F3-4424-815F-C03FC8FB0C9C}.Release|Any CPU.Build.0 = Release|Any CPU
	EndGlobalSection
	GlobalSection(SolutionProperties) = preSolution
		HideSolutionNode = FALSE
	EndGlobalSection
	GlobalSection(ExtensibilityGlobals) = postSolution
		SolutionGuid = {6B63E82E-FAEE-4318-B737-2156236DBB2C}
	EndGlobalSection
EndGlobal
