
Microsoft Visual Studio Solution File, Format Version 12.00
# Visual Studio 15
VisualStudioVersion = 15.0.28010.2041
MinimumVisualStudioVersion = 10.0.40219.1
Project("{FAE04EC0-301F-11D3-BF4B-00C04F79EFBC}") = "01. Stupid Password Generator", "01. Stupid Password Generator\01. Stupid Password Generator.csproj", "{59472AF2-197F-4A18-A2B7-C4C286C6EF68}"
EndProject
Project("{FAE04EC0-301F-11D3-BF4B-00C04F79EFBC}") = "02. Magic Combination", "02. Magic Combination\02. Magic Combination.csproj", "{22FBCDC0-C284-419D-8319-C44439BB6785}"
EndProject
Project("{FAE04EC0-301F-11D3-BF4B-00C04F79EFBC}") = "03. Stop Number", "03. Stop Number\03. Stop Number.csproj", "{C8C1D588-D241-4024-AABB-C2A6DB8F7003}"
EndProject
Project("{FAE04EC0-301F-11D3-BF4B-00C04F79EFBC}") = "04. Special Numbers", "04. Special Numbers\04. Special Numbers.csproj", "{C223DB8F-2EAC-4A75-8582-5F856B0E99D3}"
EndProject
Project("{FAE04EC0-301F-11D3-BF4B-00C04F79EFBC}") = "05. Digits", "05. Digits\05. Digits.csproj", "{59CC846D-79ED-4D2E-8410-C256C12FAC89}"
EndProject
Global
	GlobalSection(SolutionConfigurationPlatforms) = preSolution
		Debug|Any CPU = Debug|Any CPU
		Release|Any CPU = Release|Any CPU
	EndGlobalSection
	GlobalSection(ProjectConfigurationPlatforms) = postSolution
		{59472AF2-197F-4A18-A2B7-C4C286C6EF68}.Debug|Any CPU.ActiveCfg = Debug|Any CPU
		{59472AF2-197F-4A18-A2B7-C4C286C6EF68}.Debug|Any CPU.Build.0 = Debug|Any CPU
		{59472AF2-197F-4A18-A2B7-C4C286C6EF68}.Release|Any CPU.ActiveCfg = Release|Any CPU
		{59472AF2-197F-4A18-A2B7-C4C286C6EF68}.Release|Any CPU.Build.0 = Release|Any CPU
		{22FBCDC0-C284-419D-8319-C44439BB6785}.Debug|Any CPU.ActiveCfg = Debug|Any CPU
		{22FBCDC0-C284-419D-8319-C44439BB6785}.Debug|Any CPU.Build.0 = Debug|Any CPU
		{22FBCDC0-C284-419D-8319-C44439BB6785}.Release|Any CPU.ActiveCfg = Release|Any CPU
		{22FBCDC0-C284-419D-8319-C44439BB6785}.Release|Any CPU.Build.0 = Release|Any CPU
		{C8C1D588-D241-4024-AABB-C2A6DB8F7003}.Debug|Any CPU.ActiveCfg = Debug|Any CPU
		{C8C1D588-D241-4024-AABB-C2A6DB8F7003}.Debug|Any CPU.Build.0 = Debug|Any CPU
		{C8C1D588-D241-4024-AABB-C2A6DB8F7003}.Release|Any CPU.ActiveCfg = Release|Any CPU
		{C8C1D588-D241-4024-AABB-C2A6DB8F7003}.Release|Any CPU.Build.0 = Release|Any CPU
		{C223DB8F-2EAC-4A75-8582-5F856B0E99D3}.Debug|Any CPU.ActiveCfg = Debug|Any CPU
		{C223DB8F-2EAC-4A75-8582-5F856B0E99D3}.Debug|Any CPU.Build.0 = Debug|Any CPU
		{C223DB8F-2EAC-4A75-8582-5F856B0E99D3}.Release|Any CPU.ActiveCfg = Release|Any CPU
		{C223DB8F-2EAC-4A75-8582-5F856B0E99D3}.Release|Any CPU.Build.0 = Release|Any CPU
		{59CC846D-79ED-4D2E-8410-C256C12FAC89}.Debug|Any CPU.ActiveCfg = Debug|Any CPU
		{59CC846D-79ED-4D2E-8410-C256C12FAC89}.Debug|Any CPU.Build.0 = Debug|Any CPU
		{59CC846D-79ED-4D2E-8410-C256C12FAC89}.Release|Any CPU.ActiveCfg = Release|Any CPU
		{59CC846D-79ED-4D2E-8410-C256C12FAC89}.Release|Any CPU.Build.0 = Release|Any CPU
	EndGlobalSection
	GlobalSection(SolutionProperties) = preSolution
		HideSolutionNode = FALSE
	EndGlobalSection
	GlobalSection(ExtensibilityGlobals) = postSolution
		SolutionGuid = {8FFD588B-ECD2-4369-B2BF-166D80C4F1C5}
	EndGlobalSection
EndGlobal
